// !$*UTF8*$!
{
	archiveVersion = 1;
	classes = {
	};
	objectVersion = 48;
	objects = {

/* Begin PBXBuildFile section */
		95C744B92394857000D5E082 /* AppDelegate.swift in Sources */ = {isa = PBXBuildFile; fileRef = 95C744B82394857000D5E082 /* AppDelegate.swift */; };
		95C744BB2394857000D5E082 /* ViewController.swift in Sources */ = {isa = PBXBuildFile; fileRef = 95C744BA2394857000D5E082 /* ViewController.swift */; };
		95C744BE2394857000D5E082 /* Main.storyboard in Resources */ = {isa = PBXBuildFile; fileRef = 95C744BC2394857000D5E082 /* Main.storyboard */; };
		95C744C02394857000D5E082 /* Assets.xcassets in Resources */ = {isa = PBXBuildFile; fileRef = 95C744BF2394857000D5E082 /* Assets.xcassets */; };
		95C744C32394857000D5E082 /* LaunchScreen.storyboard in Resources */ = {isa = PBXBuildFile; fileRef = 95C744C12394857000D5E082 /* LaunchScreen.storyboard */; };
		95C744CE2394857000D5E082 /* UIKitTests.swift in Sources */ = {isa = PBXBuildFile; fileRef = 95C744CD2394857000D5E082 /* UIKitTests.swift */; };
		95C744D92394857000D5E082 /* UIKitUITests.swift in Sources */ = {isa = PBXBuildFile; fileRef = 95C744D82394857000D5E082 /* UIKitUITests.swift */; };
/* End PBXBuildFile section */

/* Begin PBXContainerItemProxy section */
		95C744CA2394857000D5E082 /* PBXContainerItemProxy */ = {
			isa = PBXContainerItemProxy;
			containerPortal = 95C744AD2394857000D5E082 /* Project object */;
			proxyType = 1;
			remoteGlobalIDString = 95C744B42394857000D5E082;
			remoteInfo = UIKit;
		};
		95C744D52394857000D5E082 /* PBXContainerItemProxy */ = {
			isa = PBXContainerItemProxy;
			containerPortal = 95C744AD2394857000D5E082 /* Project object */;
			proxyType = 1;
			remoteGlobalIDString = 95C744B42394857000D5E082;
			remoteInfo = UIKit;
		};
/* End PBXContainerItemProxy section */

/* Begin PBXFileReference section */
		95C744B52394857000D5E082 /* UIKit.app */ = {isa = PBXFileReference; explicitFileType = wrapper.application; includeInIndex = 0; path = UIKit.app; sourceTree = BUILT_PRODUCTS_DIR; };
		95C744B82394857000D5E082 /* AppDelegate.swift */ = {isa = PBXFileReference; lastKnownFileType = sourcecode.swift; path = AppDelegate.swift; sourceTree = "<group>"; };
		95C744BA2394857000D5E082 /* ViewController.swift */ = {isa = PBXFileReference; lastKnownFileType = sourcecode.swift; path = ViewController.swift; sourceTree = "<group>"; };
		95C744BD2394857000D5E082 /* Base */ = {isa = PBXFileReference; lastKnownFileType = file.storyboard; name = Base; path = Base.lproj/Main.storyboard; sourceTree = "<group>"; };
		95C744BF2394857000D5E082 /* Assets.xcassets */ = {isa = PBXFileReference; lastKnownFileType = folder.assetcatalog; path = Assets.xcassets; sourceTree = "<group>"; };
		95C744C22394857000D5E082 /* Base */ = {isa = PBXFileReference; lastKnownFileType = file.storyboard; name = Base; path = Base.lproj/LaunchScreen.storyboard; sourceTree = "<group>"; };
		95C744C42394857000D5E082 /* Info.plist */ = {isa = PBXFileReference; lastKnownFileType = text.plist.xml; path = Info.plist; sourceTree = "<group>"; };
		95C744C92394857000D5E082 /* UIKitTests.xctest */ = {isa = PBXFileReference; explicitFileType = wrapper.cfbundle; includeInIndex = 0; path = UIKitTests.xctest; sourceTree = BUILT_PRODUCTS_DIR; };
		95C744CD2394857000D5E082 /* UIKitTests.swift */ = {isa = PBXFileReference; lastKnownFileType = sourcecode.swift; path = UIKitTests.swift; sourceTree = "<group>"; };
		95C744CF2394857000D5E082 /* Info.plist */ = {isa = PBXFileReference; lastKnownFileType = text.plist.xml; path = Info.plist; sourceTree = "<group>"; };
		95C744D42394857000D5E082 /* UIKitUITests.xctest */ = {isa = PBXFileReference; explicitFileType = wrapper.cfbundle; includeInIndex = 0; path = UIKitUITests.xctest; sourceTree = BUILT_PRODUCTS_DIR; };
		95C744D82394857000D5E082 /* UIKitUITests.swift */ = {isa = PBXFileReference; lastKnownFileType = sourcecode.swift; path = UIKitUITests.swift; sourceTree = "<group>"; };
		95C744DA2394857100D5E082 /* Info.plist */ = {isa = PBXFileReference; lastKnownFileType = text.plist.xml; path = Info.plist; sourceTree = "<group>"; };
/* End PBXFileReference section */

/* Begin PBXFrameworksBuildPhase section */
		95C744B22394857000D5E082 /* Frameworks */ = {
			isa = PBXFrameworksBuildPhase;
			buildActionMask = 2147483647;
			files = (
			);
			runOnlyForDeploymentPostprocessing = 0;
		};
		95C744C62394857000D5E082 /* Frameworks */ = {
			isa = PBXFrameworksBuildPhase;
			buildActionMask = 2147483647;
			files = (
			);
			runOnlyForDeploymentPostprocessing = 0;
		};
		95C744D12394857000D5E082 /* Frameworks */ = {
			isa = PBXFrameworksBuildPhase;
			buildActionMask = 2147483647;
			files = (
			);
			runOnlyForDeploymentPostprocessing = 0;
		};
/* End PBXFrameworksBuildPhase section */

/* Begin PBXGroup section */
		95C744AC2394857000D5E082 = {
			isa = PBXGroup;
			children = (
				95C744B72394857000D5E082 /* UIKit */,
				95C744CC2394857000D5E082 /* UIKitTests */,
				95C744D72394857000D5E082 /* UIKitUITests */,
				95C744B62394857000D5E082 /* Products */,
			);
			sourceTree = "<group>";
		};
		95C744B62394857000D5E082 /* Products */ = {
			isa = PBXGroup;
			children = (
				95C744B52394857000D5E082 /* UIKit.app */,
				95C744C92394857000D5E082 /* UIKitTests.xctest */,
				95C744D42394857000D5E082 /* UIKitUITests.xctest */,
			);
			name = Products;
			sourceTree = "<group>";
		};
		95C744B72394857000D5E082 /* UIKit */ = {
			isa = PBXGroup;
			children = (
				95C744B82394857000D5E082 /* AppDelegate.swift */,
				95C744BA2394857000D5E082 /* ViewController.swift */,
				95C744BC2394857000D5E082 /* Main.storyboard */,
				95C744BF2394857000D5E082 /* Assets.xcassets */,
				95C744C12394857000D5E082 /* LaunchScreen.storyboard */,
				95C744C42394857000D5E082 /* Info.plist */,
			);
			path = UIKit;
			sourceTree = "<group>";
		};
		95C744CC2394857000D5E082 /* UIKitTests */ = {
			isa = PBXGroup;
			children = (
				95C744CD2394857000D5E082 /* UIKitTests.swift */,
				95C744CF2394857000D5E082 /* Info.plist */,
			);
			path = UIKitTests;
			sourceTree = "<group>";
		};
		95C744D72394857000D5E082 /* UIKitUITests */ = {
			isa = PBXGroup;
			children = (
				95C744D82394857000D5E082 /* UIKitUITests.swift */,
				95C744DA2394857100D5E082 /* Info.plist */,
			);
			path = UIKitUITests;
			sourceTree = "<group>";
		};
/* End PBXGroup section */

/* Begin PBXNativeTarget section */
		95C744B42394857000D5E082 /* UIKit */ = {
			isa = PBXNativeTarget;
			buildConfigurationList = 95C744DD2394857100D5E082 /* Build configuration list for PBXNativeTarget "UIKit" */;
			buildPhases = (
				95C744B12394857000D5E082 /* Sources */,
				95C744B22394857000D5E082 /* Frameworks */,
				95C744B32394857000D5E082 /* Resources */,
			);
			buildRules = (
			);
			dependencies = (
			);
			name = UIKit;
			productName = UIKit;
			productReference = 95C744B52394857000D5E082 /* UIKit.app */;
			productType = "com.apple.product-type.application";
		};
		95C744C82394857000D5E082 /* UIKitTests */ = {
			isa = PBXNativeTarget;
			buildConfigurationList = 95C744E02394857100D5E082 /* Build configuration list for PBXNativeTarget "UIKitTests" */;
			buildPhases = (
				95C744C52394857000D5E082 /* Sources */,
				95C744C62394857000D5E082 /* Frameworks */,
				95C744C72394857000D5E082 /* Resources */,
			);
			buildRules = (
			);
			dependencies = (
				95C744CB2394857000D5E082 /* PBXTargetDependency */,
			);
			name = UIKitTests;
			productName = UIKitTests;
			productReference = 95C744C92394857000D5E082 /* UIKitTests.xctest */;
			productType = "com.apple.product-type.bundle.unit-test";
		};
		95C744D32394857000D5E082 /* UIKitUITests */ = {
			isa = PBXNativeTarget;
			buildConfigurationList = 95C744E32394857100D5E082 /* Build configuration list for PBXNativeTarget "UIKitUITests" */;
			buildPhases = (
				95C744D02394857000D5E082 /* Sources */,
				95C744D12394857000D5E082 /* Frameworks */,
				95C744D22394857000D5E082 /* Resources */,
			);
			buildRules = (
			);
			dependencies = (
				95C744D62394857000D5E082 /* PBXTargetDependency */,
			);
			name = UIKitUITests;
			productName = UIKitUITests;
			productReference = 95C744D42394857000D5E082 /* UIKitUITests.xctest */;
			productType = "com.apple.product-type.bundle.ui-testing";
		};
/* End PBXNativeTarget section */

/* Begin PBXProject section */
		95C744AD2394857000D5E082 /* Project object */ = {
			isa = PBXProject;
			attributes = {
				LastSwiftUpdateCheck = 0920;
				LastUpgradeCheck = 0920;
				ORGANIZATIONNAME = "Rosen Toshev";
				TargetAttributes = {
					95C744B42394857000D5E082 = {
						CreatedOnToolsVersion = 9.2;
						ProvisioningStyle = Automatic;
					};
					95C744C82394857000D5E082 = {
						CreatedOnToolsVersion = 9.2;
						ProvisioningStyle = Automatic;
						TestTargetID = 95C744B42394857000D5E082;
					};
					95C744D32394857000D5E082 = {
						CreatedOnToolsVersion = 9.2;
						ProvisioningStyle = Automatic;
						TestTargetID = 95C744B42394857000D5E082;
					};
				};
			};
			buildConfigurationList = 95C744B02394857000D5E082 /* Build configuration list for PBXProject "UIKit" */;
			compatibilityVersion = "Xcode 8.0";
			developmentRegion = en;
			hasScannedForEncodings = 0;
			knownRegions = (
				en,
				Base,
			);
			mainGroup = 95C744AC2394857000D5E082;
			productRefGroup = 95C744B62394857000D5E082 /* Products */;
			projectDirPath = "";
			projectRoot = "";
			targets = (
				95C744B42394857000D5E082 /* UIKit */,
				95C744C82394857000D5E082 /* UIKitTests */,
				95C744D32394857000D5E082 /* UIKitUITests */,
			);
		};
/* End PBXProject section */

/* Begin PBXResourcesBuildPhase section */
		95C744B32394857000D5E082 /* Resources */ = {
			isa = PBXResourcesBuildPhase;
			buildActionMask = 2147483647;
			files = (
				95C744C32394857000D5E082 /* LaunchScreen.storyboard in Resources */,
				95C744C02394857000D5E082 /* Assets.xcassets in Resources */,
				95C744BE2394857000D5E082 /* Main.storyboard in Resources */,
			);
			runOnlyForDeploymentPostprocessing = 0;
		};
		95C744C72394857000D5E082 /* Resources */ = {
			isa = PBXResourcesBuildPhase;
			buildActionMask = 2147483647;
			files = (
			);
			runOnlyForDeploymentPostprocessing = 0;
		};
		95C744D22394857000D5E082 /* Resources */ = {
			isa = PBXResourcesBuildPhase;
			buildActionMask = 2147483647;
			files = (
			);
			runOnlyForDeploymentPostprocessing = 0;
		};
/* End PBXResourcesBuildPhase section */

/* Begin PBXSourcesBuildPhase section */
		95C744B12394857000D5E082 /* Sources */ = {
			isa = PBXSourcesBuildPhase;
			buildActionMask = 2147483647;
			files = (
				95C744BB2394857000D5E082 /* ViewController.swift in Sources */,
				95C744B92394857000D5E082 /* AppDelegate.swift in Sources */,
			);
			runOnlyForDeploymentPostprocessing = 0;
		};
		95C744C52394857000D5E082 /* Sources */ = {
			isa = PBXSourcesBuildPhase;
			buildActionMask = 2147483647;
			files = (
				95C744CE2394857000D5E082 /* UIKitTests.swift in Sources */,
			);
			runOnlyForDeploymentPostprocessing = 0;
		};
		95C744D02394857000D5E082 /* Sources */ = {
			isa = PBXSourcesBuildPhase;
			buildActionMask = 2147483647;
			files = (
				95C744D92394857000D5E082 /* UIKitUITests.swift in Sources */,
			);
			runOnlyForDeploymentPostprocessing = 0;
		};
/* End PBXSourcesBuildPhase section */

/* Begin PBXTargetDependency section */
		95C744CB2394857000D5E082 /* PBXTargetDependency */ = {
			isa = PBXTargetDependency;
			target = 95C744B42394857000D5E082 /* UIKit */;
			targetProxy = 95C744CA2394857000D5E082 /* PBXContainerItemProxy */;
		};
		95C744D62394857000D5E082 /* PBXTargetDependency */ = {
			isa = PBXTargetDependency;
			target = 95C744B42394857000D5E082 /* UIKit */;
			targetProxy = 95C744D52394857000D5E082 /* PBXContainerItemProxy */;
		};
/* End PBXTargetDependency section */

/* Begin PBXVariantGroup section */
		95C744BC2394857000D5E082 /* Main.storyboard */ = {
			isa = PBXVariantGroup;
			children = (
				95C744BD2394857000D5E082 /* Base */,
			);
			name = Main.storyboard;
			sourceTree = "<group>";
		};
		95C744C12394857000D5E082 /* LaunchScreen.storyboard */ = {
			isa = PBXVariantGroup;
			children = (
				95C744C22394857000D5E082 /* Base */,
			);
			name = LaunchScreen.storyboard;
			sourceTree = "<group>";
		};
/* End PBXVariantGroup section */

/* Begin XCBuildConfiguration section */
		95C744DB2394857100D5E082 /* Debug */ = {
			isa = XCBuildConfiguration;
			buildSettings = {
				ALWAYS_SEARCH_USER_PATHS = NO;
				CLANG_ANALYZER_NONNULL = YES;
				CLANG_ANALYZER_NUMBER_OBJECT_CONVERSION = YES_AGGRESSIVE;
				CLANG_CXX_LANGUAGE_STANDARD = "gnu++14";
				CLANG_CXX_LIBRARY = "libc++";
				CLANG_ENABLE_MODULES = YES;
				CLANG_ENABLE_OBJC_ARC = YES;
				CLANG_WARN_BLOCK_CAPTURE_AUTORELEASING = YES;
				CLANG_WARN_BOOL_CONVERSION = YES;
				CLANG_WARN_COMMA = YES;
				CLANG_WARN_CONSTANT_CONVERSION = YES;
				CLANG_WARN_DIRECT_OBJC_ISA_USAGE = YES_ERROR;
				CLANG_WARN_DOCUMENTATION_COMMENTS = YES;
				CLANG_WARN_EMPTY_BODY = YES;
				CLANG_WARN_ENUM_CONVERSION = YES;
				CLANG_WARN_INFINITE_RECURSION = YES;
				CLANG_WARN_INT_CONVERSION = YES;
				CLANG_WARN_NON_LITERAL_NULL_CONVERSION = YES;
				CLANG_WARN_OBJC_LITERAL_CONVERSION = YES;
				CLANG_WARN_OBJC_ROOT_CLASS = YES_ERROR;
				CLANG_WARN_RANGE_LOOP_ANALYSIS = YES;
				CLANG_WARN_STRICT_PROTOTYPES = YES;
				CLANG_WARN_SUSPICIOUS_MOVE = YES;
				CLANG_WARN_UNGUARDED_AVAILABILITY = YES_AGGRESSIVE;
				CLANG_WARN_UNREACHABLE_CODE = YES;
				CLANG_WARN__DUPLICATE_METHOD_MATCH = YES;
				CODE_SIGN_IDENTITY = "iPhone Developer";
				COPY_PHASE_STRIP = NO;
				DEBUG_INFORMATION_FORMAT = dwarf;
				ENABLE_STRICT_OBJC_MSGSEND = YES;
				ENABLE_TESTABILITY = YES;
				GCC_C_LANGUAGE_STANDARD = gnu11;
				GCC_DYNAMIC_NO_PIC = NO;
				GCC_NO_COMMON_BLOCKS = YES;
				GCC_OPTIMIZATION_LEVEL = 0;
				GCC_PREPROCESSOR_DEFINITIONS = (
					"DEBUG=1",
					"$(inherited)",
				);
				GCC_WARN_64_TO_32_BIT_CONVERSION = YES;
				GCC_WARN_ABOUT_RETURN_TYPE = YES_ERROR;
				GCC_WARN_UNDECLARED_SELECTOR = YES;
				GCC_WARN_UNINITIALIZED_AUTOS = YES_AGGRESSIVE;
				GCC_WARN_UNUSED_FUNCTION = YES;
				GCC_WARN_UNUSED_VARIABLE = YES;
				IPHONEOS_DEPLOYMENT_TARGET = 11.2;
				MTL_ENABLE_DEBUG_INFO = YES;
				ONLY_ACTIVE_ARCH = YES;
				SDKROOT = iphoneos;
				SWIFT_ACTIVE_COMPILATION_CONDITIONS = DEBUG;
				SWIFT_OPTIMIZATION_LEVEL = "-Onone";
			};
			name = Debug;
		};
		95C744DC2394857100D5E082 /* Release */ = {
			isa = XCBuildConfiguration;
			buildSettings = {
				ALWAYS_SEARCH_USER_PATHS = NO;
				CLANG_ANALYZER_NONNULL = YES;
				CLANG_ANALYZER_NUMBER_OBJECT_CONVERSION = YES_AGGRESSIVE;
				CLANG_CXX_LANGUAGE_STANDARD = "gnu++14";
				CLANG_CXX_LIBRARY = "libc++";
				CLANG_ENABLE_MODULES = YES;
				CLANG_ENABLE_OBJC_ARC = YES;
				CLANG_WARN_BLOCK_CAPTURE_AUTORELEASING = YES;
				CLANG_WARN_BOOL_CONVERSION = YES;
				CLANG_WARN_COMMA = YES;
				CLANG_WARN_CONSTANT_CONVERSION = YES;
				CLANG_WARN_DIRECT_OBJC_ISA_USAGE = YES_ERROR;
				CLANG_WARN_DOCUMENTATION_COMMENTS = YES;
				CLANG_WARN_EMPTY_BODY = YES;
				CLANG_WARN_ENUM_CONVERSION = YES;
				CLANG_WARN_INFINITE_RECURSION = YES;
				CLANG_WARN_INT_CONVERSION = YES;
				CLANG_WARN_NON_LITERAL_NULL_CONVERSION = YES;
				CLANG_WARN_OBJC_LITERAL_CONVERSION = YES;
				CLANG_WARN_OBJC_ROOT_CLASS = YES_ERROR;
				CLANG_WARN_RANGE_LOOP_ANALYSIS = YES;
				CLANG_WARN_STRICT_PROTOTYPES = YES;
				CLANG_WARN_SUSPICIOUS_MOVE = YES;
				CLANG_WARN_UNGUARDED_AVAILABILITY = YES_AGGRESSIVE;
				CLANG_WARN_UNREACHABLE_CODE = YES;
				CLANG_WARN__DUPLICATE_METHOD_MATCH = YES;
				CODE_SIGN_IDENTITY = "iPhone Developer";
				COPY_PHASE_STRIP = NO;
				DEBUG_INFORMATION_FORMAT = "dwarf-with-dsym";
				ENABLE_NS_ASSERTIONS = NO;
				ENABLE_STRICT_OBJC_MSGSEND = YES;
				GCC_C_LANGUAGE_STANDARD = gnu11;
				GCC_NO_COMMON_BLOCKS = YES;
				GCC_WARN_64_TO_32_BIT_CONVERSION = YES;
				GCC_WARN_ABOUT_RETURN_TYPE = YES_ERROR;
				GCC_WARN_UNDECLARED_SELECTOR = YES;
				GCC_WARN_UNINITIALIZED_AUTOS = YES_AGGRESSIVE;
				GCC_WARN_UNUSED_FUNCTION = YES;
				GCC_WARN_UNUSED_VARIABLE = YES;
				IPHONEOS_DEPLOYMENT_TARGET = 11.2;
				MTL_ENABLE_DEBUG_INFO = NO;
				SDKROOT = iphoneos;
				SWIFT_OPTIMIZATION_LEVEL = "-Owholemodule";
				VALIDATE_PRODUCT = YES;
			};
			name = Release;
		};
		95C744DE2394857100D5E082 /* Debug */ = {
			isa = XCBuildConfiguration;
			buildSettings = {
				ASSETCATALOG_COMPILER_APPICON_NAME = AppIcon;
				CODE_SIGN_STYLE = Automatic;
				INFOPLIST_FILE = UIKit/Info.plist;
				LD_RUNPATH_SEARCH_PATHS = "$(inherited) @executable_path/Frameworks";
				PRODUCT_BUNDLE_IDENTIFIER = rtoshev.UIKit;
				PRODUCT_NAME = "$(TARGET_NAME)";
				SWIFT_VERSION = 4.0;
				TARGETED_DEVICE_FAMILY = "1,2";
			};
			name = Debug;
		};
		95C744DF2394857100D5E082 /* Release */ = {
			isa = XCBuildConfiguration;
			buildSettings = {
				ASSETCATALOG_COMPILER_APPICON_NAME = AppIcon;
				CODE_SIGN_STYLE = Automatic;
				INFOPLIST_FILE = UIKit/Info.plist;
				LD_RUNPATH_SEARCH_PATHS = "$(inherited) @executable_path/Frameworks";
				PRODUCT_BUNDLE_IDENTIFIER = rtoshev.UIKit;
				PRODUCT_NAME = "$(TARGET_NAME)";
				SWIFT_VERSION = 4.0;
				TARGETED_DEVICE_FAMILY = "1,2";
			};
			name = Release;
		};
		95C744E12394857100D5E082 /* Debug */ = {
			isa = XCBuildConfiguration;
			buildSettings = {
				ALWAYS_EMBED_SWIFT_STANDARD_LIBRARIES = YES;
				BUNDLE_LOADER = "$(TEST_HOST)";
				CODE_SIGN_STYLE = Automatic;
				INFOPLIST_FILE = UIKitTests/Info.plist;
				LD_RUNPATH_SEARCH_PATHS = "$(inherited) @executable_path/Frameworks @loader_path/Frameworks";
				PRODUCT_BUNDLE_IDENTIFIER = rtoshev.UIKitTests;
				PRODUCT_NAME = "$(TARGET_NAME)";
				SWIFT_VERSION = 4.0;
				TARGETED_DEVICE_FAMILY = "1,2";
				TEST_HOST = "$(BUILT_PRODUCTS_DIR)/UIKit.app/UIKit";
			};
			name = Debug;
		};
		95C744E22394857100D5E082 /* Release */ = {
			isa = XCBuildConfiguration;
			buildSettings = {
				ALWAYS_EMBED_SWIFT_STANDARD_LIBRARIES = YES;
				BUNDLE_LOADER = "$(TEST_HOST)";
				CODE_SIGN_STYLE = Automatic;
				INFOPLIST_FILE = UIKitTests/Info.plist;
				LD_RUNPATH_SEARCH_PATHS = "$(inherited) @executable_path/Frameworks @loader_path/Frameworks";
				PRODUCT_BUNDLE_IDENTIFIER = rtoshev.UIKitTests;
				PRODUCT_NAME = "$(TARGET_NAME)";
				SWIFT_VERSION = 4.0;
				TARGETED_DEVICE_FAMILY = "1,2";
				TEST_HOST = "$(BUILT_PRODUCTS_DIR)/UIKit.app/UIKit";
			};
			name = Release;
		};
		95C744E42394857100D5E082 /* Debug */ = {
			isa = XCBuildConfiguration;
			buildSettings = {
				ALWAYS_EMBED_SWIFT_STANDARD_LIBRARIES = YES;
				CODE_SIGN_STYLE = Automatic;
				INFOPLIST_FILE = UIKitUITests/Info.plist;
				LD_RUNPATH_SEARCH_PATHS = "$(inherited) @executable_path/Frameworks @loader_path/Frameworks";
				PRODUCT_BUNDLE_IDENTIFIER = rtoshev.UIKitUITests;
				PRODUCT_NAME = "$(TARGET_NAME)";
				SWIFT_VERSION = 4.0;
				TARGETED_DEVICE_FAMILY = "1,2";
				TEST_TARGET_NAME = UIKit;
			};
			name = Debug;
		};
		95C744E52394857100D5E082 /* Release */ = {
			isa = XCBuildConfiguration;
			buildSettings = {
				ALWAYS_EMBED_SWIFT_STANDARD_LIBRARIES = YES;
				CODE_SIGN_STYLE = Automatic;
				INFOPLIST_FILE = UIKitUITests/Info.plist;
				LD_RUNPATH_SEARCH_PATHS = "$(inherited) @executable_path/Frameworks @loader_path/Frameworks";
				PRODUCT_BUNDLE_IDENTIFIER = rtoshev.UIKitUITests;
				PRODUCT_NAME = "$(TARGET_NAME)";
				SWIFT_VERSION = 4.0;
				TARGETED_DEVICE_FAMILY = "1,2";
				TEST_TARGET_NAME = UIKit;
			};
			name = Release;
		};
/* End XCBuildConfiguration section */

/* Begin XCConfigurationList section */
		95C744B02394857000D5E082 /* Build configuration list for PBXProject "UIKit" */ = {
			isa = XCConfigurationList;
			buildConfigurations = (
				95C744DB2394857100D5E082 /* Debug */,
				95C744DC2394857100D5E082 /* Release */,
			);
			defaultConfigurationIsVisible = 0;
			defaultConfigurationName = Release;
		};
		95C744DD2394857100D5E082 /* Build configuration list for PBXNativeTarget "UIKit" */ = {
			isa = XCConfigurationList;
			buildConfigurations = (
				95C744DE2394857100D5E082 /* Debug */,
				95C744DF2394857100D5E082 /* Release */,
			);
			defaultConfigurationIsVisible = 0;
			defaultConfigurationName = Release;
		};
		95C744E02394857100D5E082 /* Build configuration list for PBXNativeTarget "UIKitTests" */ = {
			isa = XCConfigurationList;
			buildConfigurations = (
				95C744E12394857100D5E082 /* Debug */,
				95C744E22394857100D5E082 /* Release */,
			);
			defaultConfigurationIsVisible = 0;
			defaultConfigurationName = Release;
		};
		95C744E32394857100D5E082 /* Build configuration list for PBXNativeTarget "UIKitUITests" */ = {
			isa = XCConfigurationList;
			buildConfigurations = (
				95C744E42394857100D5E082 /* Debug */,
				95C744E52394857100D5E082 /* Release */,
			);
			defaultConfigurationIsVisible = 0;
			defaultConfigurationName = Release;
		};
/* End XCConfigurationList section */
	};
	rootObject = 95C744AD2394857000D5E082 /* Project object */;
}
